// !$*UTF8*$!
{
	archiveVersion = 1;
	classes = {
	};
	objectVersion = 46;
	objects = {

/* Begin PBXBuildFile section */
		8471BB271E3BADA6009A9349 /* main.m in Sources */ = {isa = PBXBuildFile; fileRef = 8471BB261E3BADA6009A9349 /* main.m */; };
		8471BB301E3BAFA3009A9349 /* Stack.m in Sources */ = {isa = PBXBuildFile; fileRef = 8471BB2F1E3BAFA3009A9349 /* Stack.m */; };
		8471BB3A1E3BB258009A9349 /* StackTests.m in Sources */ = {isa = PBXBuildFile; fileRef = 8471BB391E3BB258009A9349 /* StackTests.m */; };
		8471BB3F1E3BB33D009A9349 /* Stack.m in Sources */ = {isa = PBXBuildFile; fileRef = 8471BB2F1E3BAFA3009A9349 /* Stack.m */; };
		8471BB441E3BB8DE009A9349 /* Queue-Simple.m in Sources */ = {isa = PBXBuildFile; fileRef = 8471BB431E3BB8DE009A9349 /* Queue-Simple.m */; };
		8471BB591E3BDF1F009A9349 /* QueueTests.m in Sources */ = {isa = PBXBuildFile; fileRef = 8471BB581E3BDF1F009A9349 /* QueueTests.m */; };
		8471BB5E1E3BDF46009A9349 /* Queue-Simple.m in Sources */ = {isa = PBXBuildFile; fileRef = 8471BB431E3BB8DE009A9349 /* Queue-Simple.m */; };
/* End PBXBuildFile section */

/* Begin PBXCopyFilesBuildPhase section */
		8471BB211E3BADA6009A9349 /* CopyFiles */ = {
			isa = PBXCopyFilesBuildPhase;
			buildActionMask = 2147483647;
			dstPath = /usr/share/man/man1/;
			dstSubfolderSpec = 0;
			files = (
			);
			runOnlyForDeploymentPostprocessing = 1;
		};
/* End PBXCopyFilesBuildPhase section */

/* Begin PBXFileReference section */
		8471BB231E3BADA6009A9349 /* Objective-C Algorithm Club */ = {isa = PBXFileReference; explicitFileType = "compiled.mach-o.executable"; includeInIndex = 0; path = "Objective-C Algorithm Club"; sourceTree = BUILT_PRODUCTS_DIR; };
		8471BB261E3BADA6009A9349 /* main.m */ = {isa = PBXFileReference; lastKnownFileType = sourcecode.c.objc; path = main.m; sourceTree = "<group>"; };
		8471BB2E1E3BAFA3009A9349 /* Stack.h */ = {isa = PBXFileReference; fileEncoding = 4; lastKnownFileType = sourcecode.c.h; path = Stack.h; sourceTree = "<group>"; };
		8471BB2F1E3BAFA3009A9349 /* Stack.m */ = {isa = PBXFileReference; fileEncoding = 4; lastKnownFileType = sourcecode.c.objc; path = Stack.m; sourceTree = "<group>"; };
		8471BB371E3BB258009A9349 /* StackTests.xctest */ = {isa = PBXFileReference; explicitFileType = wrapper.cfbundle; includeInIndex = 0; path = StackTests.xctest; sourceTree = BUILT_PRODUCTS_DIR; };
		8471BB391E3BB258009A9349 /* StackTests.m */ = {isa = PBXFileReference; lastKnownFileType = sourcecode.c.objc; path = StackTests.m; sourceTree = "<group>"; };
		8471BB3B1E3BB258009A9349 /* Info.plist */ = {isa = PBXFileReference; lastKnownFileType = text.plist.xml; path = Info.plist; sourceTree = "<group>"; };
		8471BB421E3BB8DE009A9349 /* Queue-Simple.h */ = {isa = PBXFileReference; fileEncoding = 4; lastKnownFileType = sourcecode.c.h; path = "Queue-Simple.h"; sourceTree = "<group>"; };
		8471BB431E3BB8DE009A9349 /* Queue-Simple.m */ = {isa = PBXFileReference; fileEncoding = 4; lastKnownFileType = sourcecode.c.objc; path = "Queue-Simple.m"; sourceTree = "<group>"; };
		8471BB561E3BDF1F009A9349 /* QueueTests.xctest */ = {isa = PBXFileReference; explicitFileType = wrapper.cfbundle; includeInIndex = 0; path = QueueTests.xctest; sourceTree = BUILT_PRODUCTS_DIR; };
		8471BB581E3BDF1F009A9349 /* QueueTests.m */ = {isa = PBXFileReference; lastKnownFileType = sourcecode.c.objc; path = QueueTests.m; sourceTree = "<group>"; };
		8471BB5A1E3BDF1F009A9349 /* Info.plist */ = {isa = PBXFileReference; lastKnownFileType = text.plist.xml; path = Info.plist; sourceTree = "<group>"; };
/* End PBXFileReference section */

/* Begin PBXFrameworksBuildPhase section */
		8471BB201E3BADA6009A9349 /* Frameworks */ = {
			isa = PBXFrameworksBuildPhase;
			buildActionMask = 2147483647;
			files = (
			);
			runOnlyForDeploymentPostprocessing = 0;
		};
		8471BB341E3BB258009A9349 /* Frameworks */ = {
			isa = PBXFrameworksBuildPhase;
			buildActionMask = 2147483647;
			files = (
			);
			runOnlyForDeploymentPostprocessing = 0;
		};
		8471BB531E3BDF1F009A9349 /* Frameworks */ = {
			isa = PBXFrameworksBuildPhase;
			buildActionMask = 2147483647;
			files = (
			);
			runOnlyForDeploymentPostprocessing = 0;
		};
/* End PBXFrameworksBuildPhase section */

/* Begin PBXGroup section */
		8432B2A31E3C4F1100C3F9C1 /* Tests */ = {
			isa = PBXGroup;
			children = (
				8471BB381E3BB258009A9349 /* StackTests */,
				8471BB571E3BDF1F009A9349 /* QueueTests */,
			);
			path = Tests;
			sourceTree = "<group>";
		};
		8471BB1A1E3BADA6009A9349 = {
			isa = PBXGroup;
			children = (
				8471BB251E3BADA6009A9349 /* Objective-C Algorithm Club */,
				8471BB241E3BADA6009A9349 /* Products */,
			);
			sourceTree = "<group>";
		};
		8471BB241E3BADA6009A9349 /* Products */ = {
			isa = PBXGroup;
			children = (
				8471BB231E3BADA6009A9349 /* Objective-C Algorithm Club */,
				8471BB371E3BB258009A9349 /* StackTests.xctest */,
				8471BB561E3BDF1F009A9349 /* QueueTests.xctest */,
			);
			name = Products;
			sourceTree = "<group>";
		};
		8471BB251E3BADA6009A9349 /* Objective-C Algorithm Club */ = {
			isa = PBXGroup;
			children = (
				8432B2A31E3C4F1100C3F9C1 /* Tests */,
				8471BB411E3BB8BF009A9349 /* Queue */,
				8471BB2D1E3BAF59009A9349 /* Stack */,
				8471BB261E3BADA6009A9349 /* main.m */,
			);
			path = "Objective-C Algorithm Club";
			sourceTree = "<group>";
		};
		8471BB2D1E3BAF59009A9349 /* Stack */ = {
			isa = PBXGroup;
			children = (
				8471BB2E1E3BAFA3009A9349 /* Stack.h */,
				8471BB2F1E3BAFA3009A9349 /* Stack.m */,
			);
			path = Stack;
			sourceTree = "<group>";
		};
		8471BB381E3BB258009A9349 /* StackTests */ = {
			isa = PBXGroup;
			children = (
				8471BB391E3BB258009A9349 /* StackTests.m */,
				8471BB3B1E3BB258009A9349 /* Info.plist */,
			);
			name = StackTests;
			path = ../../StackTests;
			sourceTree = "<group>";
		};
		8471BB411E3BB8BF009A9349 /* Queue */ = {
			isa = PBXGroup;
			children = (
				8471BB421E3BB8DE009A9349 /* Queue-Simple.h */,
				8471BB431E3BB8DE009A9349 /* Queue-Simple.m */,
			);
			path = Queue;
			sourceTree = "<group>";
		};
		8471BB571E3BDF1F009A9349 /* QueueTests */ = {
			isa = PBXGroup;
			children = (
				8471BB581E3BDF1F009A9349 /* QueueTests.m */,
				8471BB5A1E3BDF1F009A9349 /* Info.plist */,
			);
			name = QueueTests;
			path = ../../QueueTests;
			sourceTree = "<group>";
		};
/* End PBXGroup section */

/* Begin PBXNativeTarget section */
		8471BB221E3BADA6009A9349 /* Objective-C Algorithm Club */ = {
			isa = PBXNativeTarget;
			buildConfigurationList = 8471BB2A1E3BADA6009A9349 /* Build configuration list for PBXNativeTarget "Objective-C Algorithm Club" */;
			buildPhases = (
				8471BB1F1E3BADA6009A9349 /* Sources */,
				8471BB201E3BADA6009A9349 /* Frameworks */,
				8471BB211E3BADA6009A9349 /* CopyFiles */,
			);
			buildRules = (
			);
			dependencies = (
			);
			name = "Objective-C Algorithm Club";
			productName = "Objective-C Algorithm Club";
			productReference = 8471BB231E3BADA6009A9349 /* Objective-C Algorithm Club */;
			productType = "com.apple.product-type.tool";
		};
		8471BB361E3BB258009A9349 /* StackTests */ = {
			isa = PBXNativeTarget;
			buildConfigurationList = 8471BB3C1E3BB258009A9349 /* Build configuration list for PBXNativeTarget "StackTests" */;
			buildPhases = (
				8471BB331E3BB258009A9349 /* Sources */,
				8471BB341E3BB258009A9349 /* Frameworks */,
				8471BB351E3BB258009A9349 /* Resources */,
			);
			buildRules = (
			);
			dependencies = (
			);
			name = StackTests;
			productName = StackTests;
			productReference = 8471BB371E3BB258009A9349 /* StackTests.xctest */;
			productType = "com.apple.product-type.bundle.unit-test";
		};
		8471BB551E3BDF1F009A9349 /* QueueTests */ = {
			isa = PBXNativeTarget;
			buildConfigurationList = 8471BB5B1E3BDF1F009A9349 /* Build configuration list for PBXNativeTarget "QueueTests" */;
			buildPhases = (
				8471BB521E3BDF1F009A9349 /* Sources */,
				8471BB531E3BDF1F009A9349 /* Frameworks */,
				8471BB541E3BDF1F009A9349 /* Resources */,
			);
			buildRules = (
			);
			dependencies = (
			);
			name = QueueTests;
			productName = QueueTests;
			productReference = 8471BB561E3BDF1F009A9349 /* QueueTests.xctest */;
			productType = "com.apple.product-type.bundle.unit-test";
		};
/* End PBXNativeTarget section */

/* Begin PBXProject section */
		8471BB1B1E3BADA6009A9349 /* Project object */ = {
			isa = PBXProject;
			attributes = {
				LastUpgradeCheck = 0820;
				ORGANIZATIONNAME = AAkash;
				TargetAttributes = {
					8471BB221E3BADA6009A9349 = {
						CreatedOnToolsVersion = 8.2;
						ProvisioningStyle = Automatic;
					};
					8471BB361E3BB258009A9349 = {
						CreatedOnToolsVersion = 8.2;
						ProvisioningStyle = Automatic;
					};
					8471BB551E3BDF1F009A9349 = {
						CreatedOnToolsVersion = 8.2;
						ProvisioningStyle = Automatic;
					};
				};
			};
			buildConfigurationList = 8471BB1E1E3BADA6009A9349 /* Build configuration list for PBXProject "Objective-C Algorithm Club" */;
			compatibilityVersion = "Xcode 3.2";
			developmentRegion = English;
			hasScannedForEncodings = 0;
			knownRegions = (
				en,
			);
			mainGroup = 8471BB1A1E3BADA6009A9349;
			productRefGroup = 8471BB241E3BADA6009A9349 /* Products */;
			projectDirPath = "";
			projectRoot = "";
			targets = (
				8471BB221E3BADA6009A9349 /* Objective-C Algorithm Club */,
				8471BB361E3BB258009A9349 /* StackTests */,
				8471BB551E3BDF1F009A9349 /* QueueTests */,
			);
		};
/* End PBXProject section */

/* Begin PBXResourcesBuildPhase section */
		8471BB351E3BB258009A9349 /* Resources */ = {
			isa = PBXResourcesBuildPhase;
			buildActionMask = 2147483647;
			files = (
			);
			runOnlyForDeploymentPostprocessing = 0;
		};
		8471BB541E3BDF1F009A9349 /* Resources */ = {
			isa = PBXResourcesBuildPhase;
			buildActionMask = 2147483647;
			files = (
			);
			runOnlyForDeploymentPostprocessing = 0;
		};
/* End PBXResourcesBuildPhase section */

/* Begin PBXSourcesBuildPhase section */
		8471BB1F1E3BADA6009A9349 /* Sources */ = {
			isa = PBXSourcesBuildPhase;
			buildActionMask = 2147483647;
			files = (
				8471BB441E3BB8DE009A9349 /* Queue-Simple.m in Sources */,
				8471BB301E3BAFA3009A9349 /* Stack.m in Sources */,
				8471BB271E3BADA6009A9349 /* main.m in Sources */,
			);
			runOnlyForDeploymentPostprocessing = 0;
		};
		8471BB331E3BB258009A9349 /* Sources */ = {
			isa = PBXSourcesBuildPhase;
			buildActionMask = 2147483647;
			files = (
				8471BB3F1E3BB33D009A9349 /* Stack.m in Sources */,
				8471BB3A1E3BB258009A9349 /* StackTests.m in Sources */,
			);
			runOnlyForDeploymentPostprocessing = 0;
		};
		8471BB521E3BDF1F009A9349 /* Sources */ = {
			isa = PBXSourcesBuildPhase;
			buildActionMask = 2147483647;
			files = (
				8471BB591E3BDF1F009A9349 /* QueueTests.m in Sources */,
				8471BB5E1E3BDF46009A9349 /* Queue-Simple.m in Sources */,
			);
			runOnlyForDeploymentPostprocessing = 0;
		};
/* End PBXSourcesBuildPhase section */

/* Begin XCBuildConfiguration section */
		8471BB281E3BADA6009A9349 /* Debug */ = {
			isa = XCBuildConfiguration;
			buildSettings = {
				ALWAYS_SEARCH_USER_PATHS = NO;
				CLANG_ANALYZER_NONNULL = YES;
				CLANG_CXX_LANGUAGE_STANDARD = "gnu++0x";
				CLANG_CXX_LIBRARY = "libc++";
				CLANG_ENABLE_MODULES = YES;
				CLANG_ENABLE_OBJC_ARC = YES;
				CLANG_WARN_BOOL_CONVERSION = YES;
				CLANG_WARN_CONSTANT_CONVERSION = YES;
				CLANG_WARN_DIRECT_OBJC_ISA_USAGE = YES_ERROR;
				CLANG_WARN_DOCUMENTATION_COMMENTS = YES;
				CLANG_WARN_EMPTY_BODY = YES;
				CLANG_WARN_ENUM_CONVERSION = YES;
				CLANG_WARN_INFINITE_RECURSION = YES;
				CLANG_WARN_INT_CONVERSION = YES;
				CLANG_WARN_OBJC_ROOT_CLASS = YES_ERROR;
				CLANG_WARN_SUSPICIOUS_MOVE = YES;
				CLANG_WARN_UNREACHABLE_CODE = YES;
				CLANG_WARN__DUPLICATE_METHOD_MATCH = YES;
				CODE_SIGN_IDENTITY = "-";
				COPY_PHASE_STRIP = NO;
				DEBUG_INFORMATION_FORMAT = dwarf;
				ENABLE_STRICT_OBJC_MSGSEND = YES;
				ENABLE_TESTABILITY = YES;
				GCC_C_LANGUAGE_STANDARD = gnu99;
				GCC_DYNAMIC_NO_PIC = NO;
				GCC_NO_COMMON_BLOCKS = YES;
				GCC_OPTIMIZATION_LEVEL = 0;
				GCC_PREPROCESSOR_DEFINITIONS = (
					"DEBUG=1",
					"$(inherited)",
				);
				GCC_WARN_64_TO_32_BIT_CONVERSION = YES;
				GCC_WARN_ABOUT_RETURN_TYPE = YES_ERROR;
				GCC_WARN_UNDECLARED_SELECTOR = YES;
				GCC_WARN_UNINITIALIZED_AUTOS = YES_AGGRESSIVE;
				GCC_WARN_UNUSED_FUNCTION = YES;
				GCC_WARN_UNUSED_VARIABLE = YES;
				MACOSX_DEPLOYMENT_TARGET = 10.11;
				MTL_ENABLE_DEBUG_INFO = YES;
				ONLY_ACTIVE_ARCH = YES;
				SDKROOT = macosx;
			};
			name = Debug;
		};
		8471BB291E3BADA6009A9349 /* Release */ = {
			isa = XCBuildConfiguration;
			buildSettings = {
				ALWAYS_SEARCH_USER_PATHS = NO;
				CLANG_ANALYZER_NONNULL = YES;
				CLANG_CXX_LANGUAGE_STANDARD = "gnu++0x";
				CLANG_CXX_LIBRARY = "libc++";
				CLANG_ENABLE_MODULES = YES;
				CLANG_ENABLE_OBJC_ARC = YES;
				CLANG_WARN_BOOL_CONVERSION = YES;
				CLANG_WARN_CONSTANT_CONVERSION = YES;
				CLANG_WARN_DIRECT_OBJC_ISA_USAGE = YES_ERROR;
				CLANG_WARN_DOCUMENTATION_COMMENTS = YES;
				CLANG_WARN_EMPTY_BODY = YES;
				CLANG_WARN_ENUM_CONVERSION = YES;
				CLANG_WARN_INFINITE_RECURSION = YES;
				CLANG_WARN_INT_CONVERSION = YES;
				CLANG_WARN_OBJC_ROOT_CLASS = YES_ERROR;
				CLANG_WARN_SUSPICIOUS_MOVE = YES;
				CLANG_WARN_UNREACHABLE_CODE = YES;
				CLANG_WARN__DUPLICATE_METHOD_MATCH = YES;
				CODE_SIGN_IDENTITY = "-";
				COPY_PHASE_STRIP = NO;
				DEBUG_INFORMATION_FORMAT = "dwarf-with-dsym";
				ENABLE_NS_ASSERTIONS = NO;
				ENABLE_STRICT_OBJC_MSGSEND = YES;
				GCC_C_LANGUAGE_STANDARD = gnu99;
				GCC_NO_COMMON_BLOCKS = YES;
				GCC_WARN_64_TO_32_BIT_CONVERSION = YES;
				GCC_WARN_ABOUT_RETURN_TYPE = YES_ERROR;
				GCC_WARN_UNDECLARED_SELECTOR = YES;
				GCC_WARN_UNINITIALIZED_AUTOS = YES_AGGRESSIVE;
				GCC_WARN_UNUSED_FUNCTION = YES;
				GCC_WARN_UNUSED_VARIABLE = YES;
				MACOSX_DEPLOYMENT_TARGET = 10.11;
				MTL_ENABLE_DEBUG_INFO = NO;
				SDKROOT = macosx;
			};
			name = Release;
		};
		8471BB2B1E3BADA6009A9349 /* Debug */ = {
			isa = XCBuildConfiguration;
			buildSettings = {
				PRODUCT_NAME = "$(TARGET_NAME)";
			};
			name = Debug;
		};
		8471BB2C1E3BADA6009A9349 /* Release */ = {
			isa = XCBuildConfiguration;
			buildSettings = {
				PRODUCT_NAME = "$(TARGET_NAME)";
			};
			name = Release;
		};
		8471BB3D1E3BB258009A9349 /* Debug */ = {
			isa = XCBuildConfiguration;
			buildSettings = {
				COMBINE_HIDPI_IMAGES = YES;
				INFOPLIST_FILE = StackTests/Info.plist;
				LD_RUNPATH_SEARCH_PATHS = "$(inherited) @executable_path/../Frameworks @loader_path/../Frameworks";
				PRODUCT_BUNDLE_IDENTIFIER = com.calc.aakash.StackTests;
				PRODUCT_NAME = "$(TARGET_NAME)";
			};
			name = Debug;
		};
		8471BB3E1E3BB258009A9349 /* Release */ = {
			isa = XCBuildConfiguration;
			buildSettings = {
				COMBINE_HIDPI_IMAGES = YES;
				INFOPLIST_FILE = StackTests/Info.plist;
				LD_RUNPATH_SEARCH_PATHS = "$(inherited) @executable_path/../Frameworks @loader_path/../Frameworks";
				PRODUCT_BUNDLE_IDENTIFIER = com.calc.aakash.StackTests;
				PRODUCT_NAME = "$(TARGET_NAME)";
			};
			name = Release;
		};
		8471BB5C1E3BDF1F009A9349 /* Debug */ = {
			isa = XCBuildConfiguration;
			buildSettings = {
				COMBINE_HIDPI_IMAGES = YES;
				INFOPLIST_FILE = QueueTests/Info.plist;
				LD_RUNPATH_SEARCH_PATHS = "$(inherited) @executable_path/../Frameworks @loader_path/../Frameworks";
				PRODUCT_BUNDLE_IDENTIFIER = com.calc.aakash.QueueTests;
				PRODUCT_NAME = "$(TARGET_NAME)";
			};
			name = Debug;
		};
		8471BB5D1E3BDF1F009A9349 /* Release */ = {
			isa = XCBuildConfiguration;
			buildSettings = {
				COMBINE_HIDPI_IMAGES = YES;
				INFOPLIST_FILE = QueueTests/Info.plist;
				LD_RUNPATH_SEARCH_PATHS = "$(inherited) @executable_path/../Frameworks @loader_path/../Frameworks";
				PRODUCT_BUNDLE_IDENTIFIER = com.calc.aakash.QueueTests;
				PRODUCT_NAME = "$(TARGET_NAME)";
			};
			name = Release;
		};
/* End XCBuildConfiguration section */

/* Begin XCConfigurationList section */
		8471BB1E1E3BADA6009A9349 /* Build configuration list for PBXProject "Objective-C Algorithm Club" */ = {
			isa = XCConfigurationList;
			buildConfigurations = (
				8471BB281E3BADA6009A9349 /* Debug */,
				8471BB291E3BADA6009A9349 /* Release */,
			);
			defaultConfigurationIsVisible = 0;
			defaultConfigurationName = Release;
		};
		8471BB2A1E3BADA6009A9349 /* Build configuration list for PBXNativeTarget "Objective-C Algorithm Club" */ = {
			isa = XCConfigurationList;
			buildConfigurations = (
				8471BB2B1E3BADA6009A9349 /* Debug */,
				8471BB2C1E3BADA6009A9349 /* Release */,
			);
			defaultConfigurationIsVisible = 0;
			defaultConfigurationName = Release;
		};
		8471BB3C1E3BB258009A9349 /* Build configuration list for PBXNativeTarget "StackTests" */ = {
			isa = XCConfigurationList;
			buildConfigurations = (
				8471BB3D1E3BB258009A9349 /* Debug */,
				8471BB3E1E3BB258009A9349 /* Release */,
			);
			defaultConfigurationIsVisible = 0;
			defaultConfigurationName = Release;
		};
		8471BB5B1E3BDF1F009A9349 /* Build configuration list for PBXNativeTarget "QueueTests" */ = {
			isa = XCConfigurationList;
			buildConfigurations = (
				8471BB5C1E3BDF1F009A9349 /* Debug */,
				8471BB5D1E3BDF1F009A9349 /* Release */,
			);
			defaultConfigurationIsVisible = 0;
			defaultConfigurationName = Release;
		};
/* End XCConfigurationList section */
	};
	rootObject = 8471BB1B1E3BADA6009A9349 /* Project object */;
}
